
Microsoft Visual Studio Solution File, Format Version 12.00
# Visual Studio Version 17
VisualStudioVersion = 17.10.35122.118
MinimumVisualStudioVersion = 10.0.40219.1
Project("{9A19103F-16F7-4668-BE54-9A1E7A4F7556}") = "NextBlueGen_API", "NextBlueGen_API.csproj", "{DFD4BFE4-308B-4C67-9264-24968BE47F73}"
EndProject
Global
	GlobalSection(SolutionConfigurationPlatforms) = preSolution
		Debug|Any CPU = Debug|Any CPU
		Release|Any CPU = Release|Any CPU
	EndGlobalSection
	GlobalSection(ProjectConfigurationPlatforms) = postSolution
		{DFD4BFE4-308B-4C67-9264-24968BE47F73}.Debug|Any CPU.ActiveCfg = Debug|Any CPU
		{DFD4BFE4-308B-4C67-9264-24968BE47F73}.Debug|Any CPU.Build.0 = Debug|Any CPU
		{DFD4BFE4-308B-4C67-9264-24968BE47F73}.Release|Any CPU.ActiveCfg = Release|Any CPU
		{DFD4BFE4-308B-4C67-9264-24968BE47F73}.Release|Any CPU.Build.0 = Release|Any CPU
	EndGlobalSection
	GlobalSection(SolutionProperties) = preSolution
		HideSolutionNode = FALSE
	EndGlobalSection
	GlobalSection(ExtensibilityGlobals) = postSolution
		SolutionGuid = {CC9E0E98-ED00-4F5E-8EE9-9DBE9F500CF2}
	EndGlobalSection
EndGlobal
